
Microsoft Visual Studio Solution File, Format Version 12.00
# Visual Studio Version 17
VisualStudioVersion = 17.14.36109.1 d17.14
MinimumVisualStudioVersion = 10.0.40219.1
Project("{FAE04EC0-301F-11D3-BF4B-00C04F79EFBC}") = "SubscriptionServiceProcessor", "SubscriptionServiceProcessor.csproj", "{D1039393-9950-4573-9392-6E0080F5FCDA}"
EndProject
Global
	GlobalSection(SolutionConfigurationPlatforms) = preSolution
		Debug|Any CPU = Debug|Any CPU
		Release|Any CPU = Release|Any CPU
	EndGlobalSection
	GlobalSection(ProjectConfigurationPlatforms) = postSolution
		{D1039393-9950-4573-9392-6E0080F5FCDA}.Debug|Any CPU.ActiveCfg = Debug|Any CPU
		{D1039393-9950-4573-9392-6E0080F5FCDA}.Debug|Any CPU.Build.0 = Debug|Any CPU
		{D1039393-9950-4573-9392-6E0080F5FCDA}.Release|Any CPU.ActiveCfg = Release|Any CPU
		{D1039393-9950-4573-9392-6E0080F5FCDA}.Release|Any CPU.Build.0 = Release|Any CPU
	EndGlobalSection
	GlobalSection(SolutionProperties) = preSolution
		HideSolutionNode = FALSE
	EndGlobalSection
	GlobalSection(ExtensibilityGlobals) = postSolution
		SolutionGuid = {C400294B-6F5E-4EFE-9F90-7C36EF99115E}
	EndGlobalSection
EndGlobal
